
Microsoft Visual Studio Solution File, Format Version 12.00
# Visual Studio Version 16
VisualStudioVersion = 16.0.31105.61
MinimumVisualStudioVersion = 10.0.40219.1
Project("{8BC9CEB8-8B4A-11D0-8D11-00A0C91BC942}") = "winapi4", "winapi4\winapi4.vcxproj", "{5421B951-1CE6-4ACE-95D9-44A96802581E}"
EndProject
Global
	GlobalSection(SolutionConfigurationPlatforms) = preSolution
		Debug|x64 = Debug|x64
		Debug|x86 = Debug|x86
		Release|x64 = Release|x64
		Release|x86 = Release|x86
	EndGlobalSection
	GlobalSection(ProjectConfigurationPlatforms) = postSolution
		{5421B951-1CE6-4ACE-95D9-44A96802581E}.Debug|x64.ActiveCfg = Debug|x64
		{5421B951-1CE6-4ACE-95D9-44A96802581E}.Debug|x64.Build.0 = Debug|x64
		{5421B951-1CE6-4ACE-95D9-44A96802581E}.Debug|x86.ActiveCfg = Debug|Win32
		{5421B951-1CE6-4ACE-95D9-44A96802581E}.Debug|x86.Build.0 = Debug|Win32
		{5421B951-1CE6-4ACE-95D9-44A96802581E}.Release|x64.ActiveCfg = Release|x64
		{5421B951-1CE6-4ACE-95D9-44A96802581E}.Release|x64.Build.0 = Release|x64
		{5421B951-1CE6-4ACE-95D9-44A96802581E}.Release|x86.ActiveCfg = Release|Win32
		{5421B951-1CE6-4ACE-95D9-44A96802581E}.Release|x86.Build.0 = Release|Win32
	EndGlobalSection
	GlobalSection(SolutionProperties) = preSolution
		HideSolutionNode = FALSE
	EndGlobalSection
	GlobalSection(ExtensibilityGlobals) = postSolution
		SolutionGuid = {797AC666-ED31-4355-AF6E-EF06D9112A12}
	EndGlobalSection
EndGlobal
